
Microsoft Visual Studio Solution File, Format Version 12.00
# Visual Studio Version 17
VisualStudioVersion = 17.7.34031.279
MinimumVisualStudioVersion = 10.0.40219.1
Project("{9A19103F-16F7-4668-BE54-9A1E7A4F7556}") = "FutbolApi", "FutbolApi\FutbolApi.csproj", "{5AE58D3E-F038-4A60-8F53-3167F0ACA11A}"
EndProject
Project("{FAE04EC0-301F-11D3-BF4B-00C04F79EFBC}") = "FutbolApi.Test", "FutbolApi.Test\FutbolApi.Test.csproj", "{AB7117F2-A2D1-4130-822F-689C7725C7E3}"
EndProject
Global
	GlobalSection(SolutionConfigurationPlatforms) = preSolution
		Debug|Any CPU = Debug|Any CPU
		Release|Any CPU = Release|Any CPU
	EndGlobalSection
	GlobalSection(ProjectConfigurationPlatforms) = postSolution
		{5AE58D3E-F038-4A60-8F53-3167F0ACA11A}.Debug|Any CPU.ActiveCfg = Debug|Any CPU
		{5AE58D3E-F038-4A60-8F53-3167F0ACA11A}.Debug|Any CPU.Build.0 = Debug|Any CPU
		{5AE58D3E-F038-4A60-8F53-3167F0ACA11A}.Release|Any CPU.ActiveCfg = Release|Any CPU
		{5AE58D3E-F038-4A60-8F53-3167F0ACA11A}.Release|Any CPU.Build.0 = Release|Any CPU
		{AB7117F2-A2D1-4130-822F-689C7725C7E3}.Debug|Any CPU.ActiveCfg = Debug|Any CPU
		{AB7117F2-A2D1-4130-822F-689C7725C7E3}.Debug|Any CPU.Build.0 = Debug|Any CPU
		{AB7117F2-A2D1-4130-822F-689C7725C7E3}.Release|Any CPU.ActiveCfg = Release|Any CPU
		{AB7117F2-A2D1-4130-822F-689C7725C7E3}.Release|Any CPU.Build.0 = Release|Any CPU
	EndGlobalSection
	GlobalSection(SolutionProperties) = preSolution
		HideSolutionNode = FALSE
	EndGlobalSection
	GlobalSection(ExtensibilityGlobals) = postSolution
		SolutionGuid = {B9BA4BD6-CFA1-4022-A1E9-95C132F68405}
	EndGlobalSection
EndGlobal
